// !$*UTF8*$!
{
	archiveVersion = 1;
	classes = {
	};
	objectVersion = 50;
	objects = {

/* Begin PBXBuildFile section */
		49EE938F26280EF6002812A7 /* AppDelegate.swift in Sources */ = {isa = PBXBuildFile; fileRef = 49EE938E26280EF6002812A7 /* AppDelegate.swift */; };
		49EE939826280EFC002812A7 /* Assets.xcassets in Resources */ = {isa = PBXBuildFile; fileRef = 49EE939726280EFC002812A7 /* Assets.xcassets */; };
		49EE939B26280EFC002812A7 /* LaunchScreen.storyboard in Resources */ = {isa = PBXBuildFile; fileRef = 49EE939926280EFC002812A7 /* LaunchScreen.storyboard */; };
		49EE93A626280EFC002812A7 /* LeboncoinTestTests.swift in Sources */ = {isa = PBXBuildFile; fileRef = 49EE93A526280EFC002812A7 /* LeboncoinTestTests.swift */; };
		49EE93B126280EFC002812A7 /* LeboncoinTestUITests.swift in Sources */ = {isa = PBXBuildFile; fileRef = 49EE93B026280EFC002812A7 /* LeboncoinTestUITests.swift */; };
		49EE93DD26298660002812A7 /* LBCManager.swift in Sources */ = {isa = PBXBuildFile; fileRef = 49EE93DC26298660002812A7 /* LBCManager.swift */; };
		49EE9404262EB08B002812A7 /* LBCUtils.swift in Sources */ = {isa = PBXBuildFile; fileRef = 49EE9403262EB08B002812A7 /* LBCUtils.swift */; };
		49F11A0D26282889008DD650 /* LBCAdListViewcontroller.swift in Sources */ = {isa = PBXBuildFile; fileRef = 49F11A0C26282889008DD650 /* LBCAdListViewcontroller.swift */; };
		49F11A0E26282889008DD650 /* LBCAdListViewcontroller.swift in Sources */ = {isa = PBXBuildFile; fileRef = 49F11A0C26282889008DD650 /* LBCAdListViewcontroller.swift */; };
		49F11A0F26282889008DD650 /* LBCAdListViewcontroller.swift in Sources */ = {isa = PBXBuildFile; fileRef = 49F11A0C26282889008DD650 /* LBCAdListViewcontroller.swift */; };
		49F11A1426282930008DD650 /* LBCAd.swift in Sources */ = {isa = PBXBuildFile; fileRef = 49F11A1326282930008DD650 /* LBCAd.swift */; };
		49F11A1526282930008DD650 /* LBCAd.swift in Sources */ = {isa = PBXBuildFile; fileRef = 49F11A1326282930008DD650 /* LBCAd.swift */; };
		49F11A1626282930008DD650 /* LBCAd.swift in Sources */ = {isa = PBXBuildFile; fileRef = 49F11A1326282930008DD650 /* LBCAd.swift */; };
		49F11A1E26282AC9008DD650 /* LBCHttpManager.swift in Sources */ = {isa = PBXBuildFile; fileRef = 49F11A1D26282AC9008DD650 /* LBCHttpManager.swift */; };
		49F11A1F26282AC9008DD650 /* LBCHttpManager.swift in Sources */ = {isa = PBXBuildFile; fileRef = 49F11A1D26282AC9008DD650 /* LBCHttpManager.swift */; };
		49F11A2026282AC9008DD650 /* LBCHttpManager.swift in Sources */ = {isa = PBXBuildFile; fileRef = 49F11A1D26282AC9008DD650 /* LBCHttpManager.swift */; };
		49F11A2526282B59008DD650 /* LBCAdTableViewCell.swift in Sources */ = {isa = PBXBuildFile; fileRef = 49F11A2426282B59008DD650 /* LBCAdTableViewCell.swift */; };
		49F11A2626282B59008DD650 /* LBCAdTableViewCell.swift in Sources */ = {isa = PBXBuildFile; fileRef = 49F11A2426282B59008DD650 /* LBCAdTableViewCell.swift */; };
		49F11A2726282B59008DD650 /* LBCAdTableViewCell.swift in Sources */ = {isa = PBXBuildFile; fileRef = 49F11A2426282B59008DD650 /* LBCAdTableViewCell.swift */; };
		49F11A442629D8A3008DD650 /* LBCDetailViewController.swift in Sources */ = {isa = PBXBuildFile; fileRef = 49F11A432629D8A3008DD650 /* LBCDetailViewController.swift */; };
		49F11A482629D8A9008DD650 /* LBCDetailViewController.swift in Sources */ = {isa = PBXBuildFile; fileRef = 49F11A432629D8A3008DD650 /* LBCDetailViewController.swift */; };
		49F11A4C2629D8A9008DD650 /* LBCDetailViewController.swift in Sources */ = {isa = PBXBuildFile; fileRef = 49F11A432629D8A3008DD650 /* LBCDetailViewController.swift */; };
/* End PBXBuildFile section */

/* Begin PBXContainerItemProxy section */
		49EE93A226280EFC002812A7 /* PBXContainerItemProxy */ = {
			isa = PBXContainerItemProxy;
			containerPortal = 49EE938326280EF6002812A7 /* Project object */;
			proxyType = 1;
			remoteGlobalIDString = 49EE938A26280EF6002812A7;
			remoteInfo = LeboncoinTest;
		};
		49EE93AD26280EFC002812A7 /* PBXContainerItemProxy */ = {
			isa = PBXContainerItemProxy;
			containerPortal = 49EE938326280EF6002812A7 /* Project object */;
			proxyType = 1;
			remoteGlobalIDString = 49EE938A26280EF6002812A7;
			remoteInfo = LeboncoinTest;
		};
/* End PBXContainerItemProxy section */

/* Begin PBXFileReference section */
		49EE938B26280EF6002812A7 /* LeboncoinTest.app */ = {isa = PBXFileReference; explicitFileType = wrapper.application; includeInIndex = 0; path = LeboncoinTest.app; sourceTree = BUILT_PRODUCTS_DIR; };
		49EE938E26280EF6002812A7 /* AppDelegate.swift */ = {isa = PBXFileReference; lastKnownFileType = sourcecode.swift; path = AppDelegate.swift; sourceTree = "<group>"; };
		49EE939726280EFC002812A7 /* Assets.xcassets */ = {isa = PBXFileReference; lastKnownFileType = folder.assetcatalog; path = Assets.xcassets; sourceTree = "<group>"; };
		49EE939A26280EFC002812A7 /* Base */ = {isa = PBXFileReference; lastKnownFileType = file.storyboard; name = Base; path = Base.lproj/LaunchScreen.storyboard; sourceTree = "<group>"; };
		49EE939C26280EFC002812A7 /* Info.plist */ = {isa = PBXFileReference; lastKnownFileType = text.plist.xml; path = Info.plist; sourceTree = "<group>"; };
		49EE93A126280EFC002812A7 /* LeboncoinTestTests.xctest */ = {isa = PBXFileReference; explicitFileType = wrapper.cfbundle; includeInIndex = 0; path = LeboncoinTestTests.xctest; sourceTree = BUILT_PRODUCTS_DIR; };
		49EE93A526280EFC002812A7 /* LeboncoinTestTests.swift */ = {isa = PBXFileReference; lastKnownFileType = sourcecode.swift; path = LeboncoinTestTests.swift; sourceTree = "<group>"; };
		49EE93A726280EFC002812A7 /* Info.plist */ = {isa = PBXFileReference; lastKnownFileType = text.plist.xml; path = Info.plist; sourceTree = "<group>"; };
		49EE93AC26280EFC002812A7 /* LeboncoinTestUITests.xctest */ = {isa = PBXFileReference; explicitFileType = wrapper.cfbundle; includeInIndex = 0; path = LeboncoinTestUITests.xctest; sourceTree = BUILT_PRODUCTS_DIR; };
		49EE93B026280EFC002812A7 /* LeboncoinTestUITests.swift */ = {isa = PBXFileReference; lastKnownFileType = sourcecode.swift; path = LeboncoinTestUITests.swift; sourceTree = "<group>"; };
		49EE93B226280EFC002812A7 /* Info.plist */ = {isa = PBXFileReference; lastKnownFileType = text.plist.xml; path = Info.plist; sourceTree = "<group>"; };
		49EE93DC26298660002812A7 /* LBCManager.swift */ = {isa = PBXFileReference; lastKnownFileType = sourcecode.swift; path = LBCManager.swift; sourceTree = "<group>"; };
		49EE9403262EB08B002812A7 /* LBCUtils.swift */ = {isa = PBXFileReference; lastKnownFileType = sourcecode.swift; path = LBCUtils.swift; sourceTree = "<group>"; };
		49F11A0C26282889008DD650 /* LBCAdListViewcontroller.swift */ = {isa = PBXFileReference; lastKnownFileType = sourcecode.swift; path = LBCAdListViewcontroller.swift; sourceTree = "<group>"; };
		49F11A1326282930008DD650 /* LBCAd.swift */ = {isa = PBXFileReference; lastKnownFileType = sourcecode.swift; path = LBCAd.swift; sourceTree = "<group>"; };
		49F11A1D26282AC9008DD650 /* LBCHttpManager.swift */ = {isa = PBXFileReference; lastKnownFileType = sourcecode.swift; path = LBCHttpManager.swift; sourceTree = "<group>"; };
		49F11A2426282B59008DD650 /* LBCAdTableViewCell.swift */ = {isa = PBXFileReference; lastKnownFileType = sourcecode.swift; path = LBCAdTableViewCell.swift; sourceTree = "<group>"; };
		49F11A432629D8A3008DD650 /* LBCDetailViewController.swift */ = {isa = PBXFileReference; lastKnownFileType = sourcecode.swift; path = LBCDetailViewController.swift; sourceTree = "<group>"; };
/* End PBXFileReference section */

/* Begin PBXFrameworksBuildPhase section */
		49EE938826280EF6002812A7 /* Frameworks */ = {
			isa = PBXFrameworksBuildPhase;
			buildActionMask = 2147483647;
			files = (
			);
			runOnlyForDeploymentPostprocessing = 0;
		};
		49EE939E26280EFC002812A7 /* Frameworks */ = {
			isa = PBXFrameworksBuildPhase;
			buildActionMask = 2147483647;
			files = (
			);
			runOnlyForDeploymentPostprocessing = 0;
		};
		49EE93A926280EFC002812A7 /* Frameworks */ = {
			isa = PBXFrameworksBuildPhase;
			buildActionMask = 2147483647;
			files = (
			);
			runOnlyForDeploymentPostprocessing = 0;
		};
/* End PBXFrameworksBuildPhase section */

/* Begin PBXGroup section */
		49EE938226280EF6002812A7 = {
			isa = PBXGroup;
			children = (
				49EE938D26280EF6002812A7 /* LeboncoinTest */,
				49EE93A426280EFC002812A7 /* LeboncoinTestTests */,
				49EE93AF26280EFC002812A7 /* LeboncoinTestUITests */,
				49EE938C26280EF6002812A7 /* Products */,
			);
			sourceTree = "<group>";
		};
		49EE938C26280EF6002812A7 /* Products */ = {
			isa = PBXGroup;
			children = (
				49EE938B26280EF6002812A7 /* LeboncoinTest.app */,
				49EE93A126280EFC002812A7 /* LeboncoinTestTests.xctest */,
				49EE93AC26280EFC002812A7 /* LeboncoinTestUITests.xctest */,
			);
			name = Products;
			sourceTree = "<group>";
		};
		49EE938D26280EF6002812A7 /* LeboncoinTest */ = {
			isa = PBXGroup;
			children = (
				49EE938E26280EF6002812A7 /* AppDelegate.swift */,
				49F11A1326282930008DD650 /* LBCAd.swift */,
				49EE9403262EB08B002812A7 /* LBCUtils.swift */,
				49F11A0C26282889008DD650 /* LBCAdListViewcontroller.swift */,
				49F11A2426282B59008DD650 /* LBCAdTableViewCell.swift */,
				49EE93DC26298660002812A7 /* LBCManager.swift */,
				49F11A1D26282AC9008DD650 /* LBCHttpManager.swift */,
				49F11A432629D8A3008DD650 /* LBCDetailViewController.swift */,
				49EE939726280EFC002812A7 /* Assets.xcassets */,
				49EE939926280EFC002812A7 /* LaunchScreen.storyboard */,
				49EE939C26280EFC002812A7 /* Info.plist */,
			);
			path = LeboncoinTest;
			sourceTree = "<group>";
		};
		49EE93A426280EFC002812A7 /* LeboncoinTestTests */ = {
			isa = PBXGroup;
			children = (
				49EE93A526280EFC002812A7 /* LeboncoinTestTests.swift */,
				49EE93A726280EFC002812A7 /* Info.plist */,
			);
			path = LeboncoinTestTests;
			sourceTree = "<group>";
		};
		49EE93AF26280EFC002812A7 /* LeboncoinTestUITests */ = {
			isa = PBXGroup;
			children = (
				49EE93B026280EFC002812A7 /* LeboncoinTestUITests.swift */,
				49EE93B226280EFC002812A7 /* Info.plist */,
			);
			path = LeboncoinTestUITests;
			sourceTree = "<group>";
		};
/* End PBXGroup section */

/* Begin PBXNativeTarget section */
		49EE938A26280EF6002812A7 /* LeboncoinTest */ = {
			isa = PBXNativeTarget;
			buildConfigurationList = 49EE93B526280EFC002812A7 /* Build configuration list for PBXNativeTarget "LeboncoinTest" */;
			buildPhases = (
				49EE938726280EF6002812A7 /* Sources */,
				49EE938826280EF6002812A7 /* Frameworks */,
				49EE938926280EF6002812A7 /* Resources */,
			);
			buildRules = (
			);
			dependencies = (
			);
			name = LeboncoinTest;
			productName = LeboncoinTest;
			productReference = 49EE938B26280EF6002812A7 /* LeboncoinTest.app */;
			productType = "com.apple.product-type.application";
		};
		49EE93A026280EFC002812A7 /* LeboncoinTestTests */ = {
			isa = PBXNativeTarget;
			buildConfigurationList = 49EE93B826280EFC002812A7 /* Build configuration list for PBXNativeTarget "LeboncoinTestTests" */;
			buildPhases = (
				49EE939D26280EFC002812A7 /* Sources */,
				49EE939E26280EFC002812A7 /* Frameworks */,
				49EE939F26280EFC002812A7 /* Resources */,
			);
			buildRules = (
			);
			dependencies = (
				49EE93A326280EFC002812A7 /* PBXTargetDependency */,
			);
			name = LeboncoinTestTests;
			productName = LeboncoinTestTests;
			productReference = 49EE93A126280EFC002812A7 /* LeboncoinTestTests.xctest */;
			productType = "com.apple.product-type.bundle.unit-test";
		};
		49EE93AB26280EFC002812A7 /* LeboncoinTestUITests */ = {
			isa = PBXNativeTarget;
			buildConfigurationList = 49EE93BB26280EFC002812A7 /* Build configuration list for PBXNativeTarget "LeboncoinTestUITests" */;
			buildPhases = (
				49EE93A826280EFC002812A7 /* Sources */,
				49EE93A926280EFC002812A7 /* Frameworks */,
				49EE93AA26280EFC002812A7 /* Resources */,
			);
			buildRules = (
			);
			dependencies = (
				49EE93AE26280EFC002812A7 /* PBXTargetDependency */,
			);
			name = LeboncoinTestUITests;
			productName = LeboncoinTestUITests;
			productReference = 49EE93AC26280EFC002812A7 /* LeboncoinTestUITests.xctest */;
			productType = "com.apple.product-type.bundle.ui-testing";
		};
/* End PBXNativeTarget section */

/* Begin PBXProject section */
		49EE938326280EF6002812A7 /* Project object */ = {
			isa = PBXProject;
			attributes = {
				LastSwiftUpdateCheck = 1240;
				LastUpgradeCheck = 1240;
				TargetAttributes = {
					49EE938A26280EF6002812A7 = {
						CreatedOnToolsVersion = 12.4;
					};
					49EE93A026280EFC002812A7 = {
						CreatedOnToolsVersion = 12.4;
						TestTargetID = 49EE938A26280EF6002812A7;
					};
					49EE93AB26280EFC002812A7 = {
						CreatedOnToolsVersion = 12.4;
						TestTargetID = 49EE938A26280EF6002812A7;
					};
				};
			};
			buildConfigurationList = 49EE938626280EF6002812A7 /* Build configuration list for PBXProject "LeboncoinTest" */;
			compatibilityVersion = "Xcode 9.3";
			developmentRegion = en;
			hasScannedForEncodings = 0;
			knownRegions = (
				en,
				Base,
			);
			mainGroup = 49EE938226280EF6002812A7;
			productRefGroup = 49EE938C26280EF6002812A7 /* Products */;
			projectDirPath = "";
			projectRoot = "";
			targets = (
				49EE938A26280EF6002812A7 /* LeboncoinTest */,
				49EE93A026280EFC002812A7 /* LeboncoinTestTests */,
				49EE93AB26280EFC002812A7 /* LeboncoinTestUITests */,
			);
		};
/* End PBXProject section */

/* Begin PBXResourcesBuildPhase section */
		49EE938926280EF6002812A7 /* Resources */ = {
			isa = PBXResourcesBuildPhase;
			buildActionMask = 2147483647;
			files = (
				49EE939B26280EFC002812A7 /* LaunchScreen.storyboard in Resources */,
				49EE939826280EFC002812A7 /* Assets.xcassets in Resources */,
			);
			runOnlyForDeploymentPostprocessing = 0;
		};
		49EE939F26280EFC002812A7 /* Resources */ = {
			isa = PBXResourcesBuildPhase;
			buildActionMask = 2147483647;
			files = (
			);
			runOnlyForDeploymentPostprocessing = 0;
		};
		49EE93AA26280EFC002812A7 /* Resources */ = {
			isa = PBXResourcesBuildPhase;
			buildActionMask = 2147483647;
			files = (
			);
			runOnlyForDeploymentPostprocessing = 0;
		};
/* End PBXResourcesBuildPhase section */

/* Begin PBXSourcesBuildPhase section */
		49EE938726280EF6002812A7 /* Sources */ = {
			isa = PBXSourcesBuildPhase;
			buildActionMask = 2147483647;
			files = (
				49F11A1426282930008DD650 /* LBCAd.swift in Sources */,
				49EE938F26280EF6002812A7 /* AppDelegate.swift in Sources */,
				49F11A0D26282889008DD650 /* LBCAdListViewcontroller.swift in Sources */,
				49EE9404262EB08B002812A7 /* LBCUtils.swift in Sources */,
				49F11A2526282B59008DD650 /* LBCAdTableViewCell.swift in Sources */,
				49F11A1E26282AC9008DD650 /* LBCHttpManager.swift in Sources */,
				49F11A442629D8A3008DD650 /* LBCDetailViewController.swift in Sources */,
				49EE93DD26298660002812A7 /* LBCManager.swift in Sources */,
			);
			runOnlyForDeploymentPostprocessing = 0;
		};
		49EE939D26280EFC002812A7 /* Sources */ = {
			isa = PBXSourcesBuildPhase;
			buildActionMask = 2147483647;
			files = (
				49F11A1526282930008DD650 /* LBCAd.swift in Sources */,
				49F11A482629D8A9008DD650 /* LBCDetailViewController.swift in Sources */,
				49EE93A626280EFC002812A7 /* LeboncoinTestTests.swift in Sources */,
				49F11A0E26282889008DD650 /* LBCAdListViewcontroller.swift in Sources */,
				49F11A2626282B59008DD650 /* LBCAdTableViewCell.swift in Sources */,
				49F11A1F26282AC9008DD650 /* LBCHttpManager.swift in Sources */,
			);
			runOnlyForDeploymentPostprocessing = 0;
		};
		49EE93A826280EFC002812A7 /* Sources */ = {
			isa = PBXSourcesBuildPhase;
			buildActionMask = 2147483647;
			files = (
				49F11A1626282930008DD650 /* LBCAd.swift in Sources */,
				49F11A4C2629D8A9008DD650 /* LBCDetailViewController.swift in Sources */,
				49EE93B126280EFC002812A7 /* LeboncoinTestUITests.swift in Sources */,
				49F11A0F26282889008DD650 /* LBCAdListViewcontroller.swift in Sources */,
				49F11A2726282B59008DD650 /* LBCAdTableViewCell.swift in Sources */,
				49F11A2026282AC9008DD650 /* LBCHttpManager.swift in Sources */,
			);
			runOnlyForDeploymentPostprocessing = 0;
		};
/* End PBXSourcesBuildPhase section */

/* Begin PBXTargetDependency section */
		49EE93A326280EFC002812A7 /* PBXTargetDependency */ = {
			isa = PBXTargetDependency;
			target = 49EE938A26280EF6002812A7 /* LeboncoinTest */;
			targetProxy = 49EE93A226280EFC002812A7 /* PBXContainerItemProxy */;
		};
		49EE93AE26280EFC002812A7 /* PBXTargetDependency */ = {
			isa = PBXTargetDependency;
			target = 49EE938A26280EF6002812A7 /* LeboncoinTest */;
			targetProxy = 49EE93AD26280EFC002812A7 /* PBXContainerItemProxy */;
		};
/* End PBXTargetDependency section */

/* Begin PBXVariantGroup section */
		49EE939926280EFC002812A7 /* LaunchScreen.storyboard */ = {
			isa = PBXVariantGroup;
			children = (
				49EE939A26280EFC002812A7 /* Base */,
			);
			name = LaunchScreen.storyboard;
			sourceTree = "<group>";
		};
/* End PBXVariantGroup section */

/* Begin XCBuildConfiguration section */
		49EE93B326280EFC002812A7 /* Debug */ = {
			isa = XCBuildConfiguration;
			buildSettings = {
				ALWAYS_SEARCH_USER_PATHS = NO;
				CLANG_ANALYZER_NONNULL = YES;
				CLANG_ANALYZER_NUMBER_OBJECT_CONVERSION = YES_AGGRESSIVE;
				CLANG_CXX_LANGUAGE_STANDARD = "gnu++14";
				CLANG_CXX_LIBRARY = "libc++";
				CLANG_ENABLE_MODULES = YES;
				CLANG_ENABLE_OBJC_ARC = YES;
				CLANG_ENABLE_OBJC_WEAK = YES;
				CLANG_WARN_BLOCK_CAPTURE_AUTORELEASING = YES;
				CLANG_WARN_BOOL_CONVERSION = YES;
				CLANG_WARN_COMMA = YES;
				CLANG_WARN_CONSTANT_CONVERSION = YES;
				CLANG_WARN_DEPRECATED_OBJC_IMPLEMENTATIONS = YES;
				CLANG_WARN_DIRECT_OBJC_ISA_USAGE = YES_ERROR;
				CLANG_WARN_DOCUMENTATION_COMMENTS = YES;
				CLANG_WARN_EMPTY_BODY = YES;
				CLANG_WARN_ENUM_CONVERSION = YES;
				CLANG_WARN_INFINITE_RECURSION = YES;
				CLANG_WARN_INT_CONVERSION = YES;
				CLANG_WARN_NON_LITERAL_NULL_CONVERSION = YES;
				CLANG_WARN_OBJC_IMPLICIT_RETAIN_SELF = YES;
				CLANG_WARN_OBJC_LITERAL_CONVERSION = YES;
				CLANG_WARN_OBJC_ROOT_CLASS = YES_ERROR;
				CLANG_WARN_QUOTED_INCLUDE_IN_FRAMEWORK_HEADER = YES;
				CLANG_WARN_RANGE_LOOP_ANALYSIS = YES;
				CLANG_WARN_STRICT_PROTOTYPES = YES;
				CLANG_WARN_SUSPICIOUS_MOVE = YES;
				CLANG_WARN_UNGUARDED_AVAILABILITY = YES_AGGRESSIVE;
				CLANG_WARN_UNREACHABLE_CODE = YES;
				CLANG_WARN__DUPLICATE_METHOD_MATCH = YES;
				COPY_PHASE_STRIP = NO;
				DEBUG_INFORMATION_FORMAT = dwarf;
				ENABLE_STRICT_OBJC_MSGSEND = YES;
				ENABLE_TESTABILITY = YES;
				GCC_C_LANGUAGE_STANDARD = gnu11;
				GCC_DYNAMIC_NO_PIC = NO;
				GCC_NO_COMMON_BLOCKS = YES;
				GCC_OPTIMIZATION_LEVEL = 0;
				GCC_PREPROCESSOR_DEFINITIONS = (
					"DEBUG=1",
					"$(inherited)",
				);
				GCC_WARN_64_TO_32_BIT_CONVERSION = YES;
				GCC_WARN_ABOUT_RETURN_TYPE = YES_ERROR;
				GCC_WARN_UNDECLARED_SELECTOR = YES;
				GCC_WARN_UNINITIALIZED_AUTOS = YES_AGGRESSIVE;
				GCC_WARN_UNUSED_FUNCTION = YES;
				GCC_WARN_UNUSED_VARIABLE = YES;
				IPHONEOS_DEPLOYMENT_TARGET = 12.0;
				MTL_ENABLE_DEBUG_INFO = INCLUDE_SOURCE;
				MTL_FAST_MATH = YES;
				ONLY_ACTIVE_ARCH = YES;
				SDKROOT = iphoneos;
				SWIFT_ACTIVE_COMPILATION_CONDITIONS = DEBUG;
				SWIFT_OPTIMIZATION_LEVEL = "-Onone";
			};
			name = Debug;
		};
		49EE93B426280EFC002812A7 /* Release */ = {
			isa = XCBuildConfiguration;
			buildSettings = {
				ALWAYS_SEARCH_USER_PATHS = NO;
				CLANG_ANALYZER_NONNULL = YES;
				CLANG_ANALYZER_NUMBER_OBJECT_CONVERSION = YES_AGGRESSIVE;
				CLANG_CXX_LANGUAGE_STANDARD = "gnu++14";
				CLANG_CXX_LIBRARY = "libc++";
				CLANG_ENABLE_MODULES = YES;
				CLANG_ENABLE_OBJC_ARC = YES;
				CLANG_ENABLE_OBJC_WEAK = YES;
				CLANG_WARN_BLOCK_CAPTURE_AUTORELEASING = YES;
				CLANG_WARN_BOOL_CONVERSION = YES;
				CLANG_WARN_COMMA = YES;
				CLANG_WARN_CONSTANT_CONVERSION = YES;
				CLANG_WARN_DEPRECATED_OBJC_IMPLEMENTATIONS = YES;
				CLANG_WARN_DIRECT_OBJC_ISA_USAGE = YES_ERROR;
				CLANG_WARN_DOCUMENTATION_COMMENTS = YES;
				CLANG_WARN_EMPTY_BODY = YES;
				CLANG_WARN_ENUM_CONVERSION = YES;
				CLANG_WARN_INFINITE_RECURSION = YES;
				CLANG_WARN_INT_CONVERSION = YES;
				CLANG_WARN_NON_LITERAL_NULL_CONVERSION = YES;
				CLANG_WARN_OBJC_IMPLICIT_RETAIN_SELF = YES;
				CLANG_WARN_OBJC_LITERAL_CONVERSION = YES;
				CLANG_WARN_OBJC_ROOT_CLASS = YES_ERROR;
				CLANG_WARN_QUOTED_INCLUDE_IN_FRAMEWORK_HEADER = YES;
				CLANG_WARN_RANGE_LOOP_ANALYSIS = YES;
				CLANG_WARN_STRICT_PROTOTYPES = YES;
				CLANG_WARN_SUSPICIOUS_MOVE = YES;
				CLANG_WARN_UNGUARDED_AVAILABILITY = YES_AGGRESSIVE;
				CLANG_WARN_UNREACHABLE_CODE = YES;
				CLANG_WARN__DUPLICATE_METHOD_MATCH = YES;
				COPY_PHASE_STRIP = NO;
				DEBUG_INFORMATION_FORMAT = "dwarf-with-dsym";
				ENABLE_NS_ASSERTIONS = NO;
				ENABLE_STRICT_OBJC_MSGSEND = YES;
				GCC_C_LANGUAGE_STANDARD = gnu11;
				GCC_NO_COMMON_BLOCKS = YES;
				GCC_WARN_64_TO_32_BIT_CONVERSION = YES;
				GCC_WARN_ABOUT_RETURN_TYPE = YES_ERROR;
				GCC_WARN_UNDECLARED_SELECTOR = YES;
				GCC_WARN_UNINITIALIZED_AUTOS = YES_AGGRESSIVE;
				GCC_WARN_UNUSED_FUNCTION = YES;
				GCC_WARN_UNUSED_VARIABLE = YES;
				IPHONEOS_DEPLOYMENT_TARGET = 12.0;
				MTL_ENABLE_DEBUG_INFO = NO;
				MTL_FAST_MATH = YES;
				SDKROOT = iphoneos;
				SWIFT_COMPILATION_MODE = wholemodule;
				SWIFT_OPTIMIZATION_LEVEL = "-O";
				VALIDATE_PRODUCT = YES;
			};
			name = Release;
		};
		49EE93B626280EFC002812A7 /* Debug */ = {
			isa = XCBuildConfiguration;
			buildSettings = {
				ASSETCATALOG_COMPILER_APPICON_NAME = AppIcon;
				ASSETCATALOG_COMPILER_GLOBAL_ACCENT_COLOR_NAME = AccentColor;
				CODE_SIGN_IDENTITY = "Apple Development";
				CODE_SIGN_STYLE = Automatic;
				DEVELOPMENT_TEAM = 4S53H48BX8;
				INFOPLIST_FILE = LeboncoinTest/Info.plist;
				LD_RUNPATH_SEARCH_PATHS = (
					"$(inherited)",
					"@executable_path/Frameworks",
				);
				PRODUCT_BUNDLE_IDENTIFIER = JCA.LeboncoinTest;
				PRODUCT_NAME = "$(TARGET_NAME)";
				PROVISIONING_PROFILE_SPECIFIER = "";
				SWIFT_VERSION = 5.0;
				TARGETED_DEVICE_FAMILY = "1,2";
			};
			name = Debug;
		};
		49EE93B726280EFC002812A7 /* Release */ = {
			isa = XCBuildConfiguration;
			buildSettings = {
				ASSETCATALOG_COMPILER_APPICON_NAME = AppIcon;
				ASSETCATALOG_COMPILER_GLOBAL_ACCENT_COLOR_NAME = AccentColor;
				CODE_SIGN_IDENTITY = "Apple Development";
				CODE_SIGN_STYLE = Automatic;
				DEVELOPMENT_TEAM = 4S53H48BX8;
				INFOPLIST_FILE = LeboncoinTest/Info.plist;
				LD_RUNPATH_SEARCH_PATHS = (
					"$(inherited)",
					"@executable_path/Frameworks",
				);
				PRODUCT_BUNDLE_IDENTIFIER = JCA.LeboncoinTest;
				PRODUCT_NAME = "$(TARGET_NAME)";
				PROVISIONING_PROFILE_SPECIFIER = "";
				SWIFT_VERSION = 5.0;
				TARGETED_DEVICE_FAMILY = "1,2";
			};
			name = Release;
		};
		49EE93B926280EFC002812A7 /* Debug */ = {
			isa = XCBuildConfiguration;
			buildSettings = {
				ALWAYS_EMBED_SWIFT_STANDARD_LIBRARIES = YES;
				BUNDLE_LOADER = "$(TEST_HOST)";
				CODE_SIGN_STYLE = Automatic;
				INFOPLIST_FILE = LeboncoinTestTests/Info.plist;
				IPHONEOS_DEPLOYMENT_TARGET = 14.2;
				LD_RUNPATH_SEARCH_PATHS = (
					"$(inherited)",
					"@executable_path/Frameworks",
					"@loader_path/Frameworks",
				);
				PRODUCT_BUNDLE_IDENTIFIER = JCA.LeboncoinTestTests;
				PRODUCT_NAME = "$(TARGET_NAME)";
				SWIFT_VERSION = 5.0;
				TARGETED_DEVICE_FAMILY = "1,2";
				TEST_HOST = "$(BUILT_PRODUCTS_DIR)/LeboncoinTest.app/LeboncoinTest";
			};
			name = Debug;
		};
		49EE93BA26280EFC002812A7 /* Release */ = {
			isa = XCBuildConfiguration;
			buildSettings = {
				ALWAYS_EMBED_SWIFT_STANDARD_LIBRARIES = YES;
				BUNDLE_LOADER = "$(TEST_HOST)";
				CODE_SIGN_STYLE = Automatic;
				INFOPLIST_FILE = LeboncoinTestTests/Info.plist;
				IPHONEOS_DEPLOYMENT_TARGET = 14.2;
				LD_RUNPATH_SEARCH_PATHS = (
					"$(inherited)",
					"@executable_path/Frameworks",
					"@loader_path/Frameworks",
				);
				PRODUCT_BUNDLE_IDENTIFIER = JCA.LeboncoinTestTests;
				PRODUCT_NAME = "$(TARGET_NAME)";
				SWIFT_VERSION = 5.0;
				TARGETED_DEVICE_FAMILY = "1,2";
				TEST_HOST = "$(BUILT_PRODUCTS_DIR)/LeboncoinTest.app/LeboncoinTest";
			};
			name = Release;
		};
		49EE93BC26280EFC002812A7 /* Debug */ = {
			isa = XCBuildConfiguration;
			buildSettings = {
				ALWAYS_EMBED_SWIFT_STANDARD_LIBRARIES = YES;
				CODE_SIGN_STYLE = Automatic;
				INFOPLIST_FILE = LeboncoinTestUITests/Info.plist;
				LD_RUNPATH_SEARCH_PATHS = (
					"$(inherited)",
					"@executable_path/Frameworks",
					"@loader_path/Frameworks",
				);
				PRODUCT_BUNDLE_IDENTIFIER = JCA.LeboncoinTestUITests;
				PRODUCT_NAME = "$(TARGET_NAME)";
				SWIFT_VERSION = 5.0;
				TARGETED_DEVICE_FAMILY = "1,2";
				TEST_TARGET_NAME = LeboncoinTest;
			};
			name = Debug;
		};
		49EE93BD26280EFC002812A7 /* Release */ = {
			isa = XCBuildConfiguration;
			buildSettings = {
				ALWAYS_EMBED_SWIFT_STANDARD_LIBRARIES = YES;
				CODE_SIGN_STYLE = Automatic;
				INFOPLIST_FILE = LeboncoinTestUITests/Info.plist;
				LD_RUNPATH_SEARCH_PATHS = (
					"$(inherited)",
					"@executable_path/Frameworks",
					"@loader_path/Frameworks",
				);
				PRODUCT_BUNDLE_IDENTIFIER = JCA.LeboncoinTestUITests;
				PRODUCT_NAME = "$(TARGET_NAME)";
				SWIFT_VERSION = 5.0;
				TARGETED_DEVICE_FAMILY = "1,2";
				TEST_TARGET_NAME = LeboncoinTest;
			};
			name = Release;
		};
/* End XCBuildConfiguration section */

/* Begin XCConfigurationList section */
		49EE938626280EF6002812A7 /* Build configuration list for PBXProject "LeboncoinTest" */ = {
			isa = XCConfigurationList;
			buildConfigurations = (
				49EE93B326280EFC002812A7 /* Debug */,
				49EE93B426280EFC002812A7 /* Release */,
			);
			defaultConfigurationIsVisible = 0;
			defaultConfigurationName = Release;
		};
		49EE93B526280EFC002812A7 /* Build configuration list for PBXNativeTarget "LeboncoinTest" */ = {
			isa = XCConfigurationList;
			buildConfigurations = (
				49EE93B626280EFC002812A7 /* Debug */,
				49EE93B726280EFC002812A7 /* Release */,
			);
			defaultConfigurationIsVisible = 0;
			defaultConfigurationName = Release;
		};
		49EE93B826280EFC002812A7 /* Build configuration list for PBXNativeTarget "LeboncoinTestTests" */ = {
			isa = XCConfigurationList;
			buildConfigurations = (
				49EE93B926280EFC002812A7 /* Debug */,
				49EE93BA26280EFC002812A7 /* Release */,
			);
			defaultConfigurationIsVisible = 0;
			defaultConfigurationName = Release;
		};
		49EE93BB26280EFC002812A7 /* Build configuration list for PBXNativeTarget "LeboncoinTestUITests" */ = {
			isa = XCConfigurationList;
			buildConfigurations = (
				49EE93BC26280EFC002812A7 /* Debug */,
				49EE93BD26280EFC002812A7 /* Release */,
			);
			defaultConfigurationIsVisible = 0;
			defaultConfigurationName = Release;
		};
/* End XCConfigurationList section */
	};
	rootObject = 49EE938326280EF6002812A7 /* Project object */;
}
